
Microsoft Visual Studio Solution File, Format Version 12.00
# Visual Studio Version 17
VisualStudioVersion = 17.1.32328.378
MinimumVisualStudioVersion = 10.0.40219.1
Project("{FAE04EC0-301F-11D3-BF4B-00C04F79EFBC}") = "Enc_And_Dec_By_DES_Or_AES", "Enc_And_Dec_By_DES_Or_AES\Enc_And_Dec_By_DES_Or_AES.csproj", "{A312B79D-5F54-4FAD-A101-9D55C10F97F4}"
EndProject
Global
	GlobalSection(SolutionConfigurationPlatforms) = preSolution
		Debug|Any CPU = Debug|Any CPU
		Release|Any CPU = Release|Any CPU
	EndGlobalSection
	GlobalSection(ProjectConfigurationPlatforms) = postSolution
		{A312B79D-5F54-4FAD-A101-9D55C10F97F4}.Debug|Any CPU.ActiveCfg = Debug|Any CPU
		{A312B79D-5F54-4FAD-A101-9D55C10F97F4}.Debug|Any CPU.Build.0 = Debug|Any CPU
		{A312B79D-5F54-4FAD-A101-9D55C10F97F4}.Release|Any CPU.ActiveCfg = Release|Any CPU
		{A312B79D-5F54-4FAD-A101-9D55C10F97F4}.Release|Any CPU.Build.0 = Release|Any CPU
	EndGlobalSection
	GlobalSection(SolutionProperties) = preSolution
		HideSolutionNode = FALSE
	EndGlobalSection
	GlobalSection(ExtensibilityGlobals) = postSolution
		SolutionGuid = {053C00AA-4286-4934-A74A-7AC926D23C05}
	EndGlobalSection
EndGlobal
